
Microsoft Visual Studio Solution File, Format Version 12.00
# Visual Studio Version 16
VisualStudioVersion = 16.0.30330.147
MinimumVisualStudioVersion = 10.0.40219.1
Project("{9A19103F-16F7-4668-BE54-9A1E7A4F7556}") = "SuperMarket", "SuperMarket\SuperMarket.csproj", "{F4F8F402-2EA5-444D-9E37-2D27A3F635B7}"
EndProject
Project("{9A19103F-16F7-4668-BE54-9A1E7A4F7556}") = "SuperMarket_Test", "SuperMarket_Test\SuperMarket_Test.csproj", "{9BF94DE0-C60E-4830-85B9-E7A9F0472941}"
EndProject
Project("{9A19103F-16F7-4668-BE54-9A1E7A4F7556}") = "ServiceBusTopic_Product", "ServiceBusTopic.Product\ServiceBusTopic_Product.csproj", "{007986BD-2F87-412C-9026-3F266228C10A}"
EndProject
Project("{FAE04EC0-301F-11D3-BF4B-00C04F79EFBC}") = "SuperMarket_WebAPI", "SuperMarket_WebAPI\SuperMarket_WebAPI.csproj", "{DF68286F-7DB6-4C13-BEB8-2276987FF2C6}"
EndProject
Global
	GlobalSection(SolutionConfigurationPlatforms) = preSolution
		Debug|Any CPU = Debug|Any CPU
		Release|Any CPU = Release|Any CPU
	EndGlobalSection
	GlobalSection(ProjectConfigurationPlatforms) = postSolution
		{F4F8F402-2EA5-444D-9E37-2D27A3F635B7}.Debug|Any CPU.ActiveCfg = Debug|Any CPU
		{F4F8F402-2EA5-444D-9E37-2D27A3F635B7}.Debug|Any CPU.Build.0 = Debug|Any CPU
		{F4F8F402-2EA5-444D-9E37-2D27A3F635B7}.Release|Any CPU.ActiveCfg = Release|Any CPU
		{F4F8F402-2EA5-444D-9E37-2D27A3F635B7}.Release|Any CPU.Build.0 = Release|Any CPU
		{9BF94DE0-C60E-4830-85B9-E7A9F0472941}.Debug|Any CPU.ActiveCfg = Debug|Any CPU
		{9BF94DE0-C60E-4830-85B9-E7A9F0472941}.Debug|Any CPU.Build.0 = Debug|Any CPU
		{9BF94DE0-C60E-4830-85B9-E7A9F0472941}.Release|Any CPU.ActiveCfg = Release|Any CPU
		{9BF94DE0-C60E-4830-85B9-E7A9F0472941}.Release|Any CPU.Build.0 = Release|Any CPU
		{007986BD-2F87-412C-9026-3F266228C10A}.Debug|Any CPU.ActiveCfg = Debug|Any CPU
		{007986BD-2F87-412C-9026-3F266228C10A}.Debug|Any CPU.Build.0 = Debug|Any CPU
		{007986BD-2F87-412C-9026-3F266228C10A}.Release|Any CPU.ActiveCfg = Release|Any CPU
		{007986BD-2F87-412C-9026-3F266228C10A}.Release|Any CPU.Build.0 = Release|Any CPU
		{DF68286F-7DB6-4C13-BEB8-2276987FF2C6}.Debug|Any CPU.ActiveCfg = Debug|Any CPU
		{DF68286F-7DB6-4C13-BEB8-2276987FF2C6}.Debug|Any CPU.Build.0 = Debug|Any CPU
		{DF68286F-7DB6-4C13-BEB8-2276987FF2C6}.Release|Any CPU.ActiveCfg = Release|Any CPU
		{DF68286F-7DB6-4C13-BEB8-2276987FF2C6}.Release|Any CPU.Build.0 = Release|Any CPU
	EndGlobalSection
	GlobalSection(SolutionProperties) = preSolution
		HideSolutionNode = FALSE
	EndGlobalSection
	GlobalSection(ExtensibilityGlobals) = postSolution
		SolutionGuid = {39676BF2-2249-4C9D-98BC-30E26EFF5560}
	EndGlobalSection
EndGlobal
